
Microsoft Visual Studio Solution File, Format Version 12.00
# Visual Studio Version 16
VisualStudioVersion = 16.0.34031.81
MinimumVisualStudioVersion = 10.0.40219.1
Project("{FAE04EC0-301F-11D3-BF4B-00C04F79EFBC}") = "RazorPagesMovie2", "RazorPagesMovie2.csproj", "{DBE31977-D598-47C4-BDD7-1C940333EBD0}"
EndProject
Global
	GlobalSection(SolutionConfigurationPlatforms) = preSolution
		Debug|Any CPU = Debug|Any CPU
		Release|Any CPU = Release|Any CPU
	EndGlobalSection
	GlobalSection(ProjectConfigurationPlatforms) = postSolution
		{DBE31977-D598-47C4-BDD7-1C940333EBD0}.Debug|Any CPU.ActiveCfg = Debug|Any CPU
		{DBE31977-D598-47C4-BDD7-1C940333EBD0}.Debug|Any CPU.Build.0 = Debug|Any CPU
		{DBE31977-D598-47C4-BDD7-1C940333EBD0}.Release|Any CPU.ActiveCfg = Release|Any CPU
		{DBE31977-D598-47C4-BDD7-1C940333EBD0}.Release|Any CPU.Build.0 = Release|Any CPU
	EndGlobalSection
	GlobalSection(SolutionProperties) = preSolution
		HideSolutionNode = FALSE
	EndGlobalSection
	GlobalSection(ExtensibilityGlobals) = postSolution
		SolutionGuid = {7B1074B7-A727-404E-802F-E655BDE28044}
	EndGlobalSection
EndGlobal
